
Microsoft Visual Studio Solution File, Format Version 12.00
Project("{2150E333-8FDC-42A3-9474-1A3956D46DE8}") = "2", "2", "{D34467CB-DB1E-4F47-B773-ED9342008AEF}"
EndProject
Project("{2150E333-8FDC-42A3-9474-1A3956D46DE8}") = "3", "3", "{E0FD564D-1725-4D71-B053-C6A6E6482841}"
EndProject
Project("{FAE04EC0-301F-11D3-BF4B-00C04F79EFBC}") = "Questao3", "Questao3\Questao3.csproj", "{F21CE7B9-9981-478C-BA6B-E98832523367}"
EndProject
Project("{2150E333-8FDC-42A3-9474-1A3956D46DE8}") = "6", "6", "{73E5EA39-16D1-48FA-9249-6ABF01881FE0}"
EndProject
Project("{FAE04EC0-301F-11D3-BF4B-00C04F79EFBC}") = "Questao6", "Questao6\Questao6.csproj", "{8DC1788D-96F3-4A51-91F9-9D2CBFBE52B7}"
EndProject
Project("{2150E333-8FDC-42A3-9474-1A3956D46DE8}") = "1", "1", "{C7C528DD-6993-4F7C-8D65-E4A3CEFEF315}"
EndProject
Project("{FAE04EC0-301F-11D3-BF4B-00C04F79EFBC}") = "Questao1", "Questao1\Questao1.csproj", "{B05A909D-A90B-45C6-A32C-44018BE011E1}"
EndProject
Global
	GlobalSection(SolutionConfigurationPlatforms) = preSolution
		Debug|Any CPU = Debug|Any CPU
		Release|Any CPU = Release|Any CPU
	EndGlobalSection
	GlobalSection(NestedProjects) = preSolution
		{F21CE7B9-9981-478C-BA6B-E98832523367} = {E0FD564D-1725-4D71-B053-C6A6E6482841}
		{8DC1788D-96F3-4A51-91F9-9D2CBFBE52B7} = {73E5EA39-16D1-48FA-9249-6ABF01881FE0}
		{B05A909D-A90B-45C6-A32C-44018BE011E1} = {C7C528DD-6993-4F7C-8D65-E4A3CEFEF315}
	EndGlobalSection
	GlobalSection(ProjectConfigurationPlatforms) = postSolution
		{F21CE7B9-9981-478C-BA6B-E98832523367}.Debug|Any CPU.ActiveCfg = Debug|Any CPU
		{F21CE7B9-9981-478C-BA6B-E98832523367}.Debug|Any CPU.Build.0 = Debug|Any CPU
		{F21CE7B9-9981-478C-BA6B-E98832523367}.Release|Any CPU.ActiveCfg = Release|Any CPU
		{F21CE7B9-9981-478C-BA6B-E98832523367}.Release|Any CPU.Build.0 = Release|Any CPU
		{8DC1788D-96F3-4A51-91F9-9D2CBFBE52B7}.Debug|Any CPU.ActiveCfg = Debug|Any CPU
		{8DC1788D-96F3-4A51-91F9-9D2CBFBE52B7}.Debug|Any CPU.Build.0 = Debug|Any CPU
		{8DC1788D-96F3-4A51-91F9-9D2CBFBE52B7}.Release|Any CPU.ActiveCfg = Release|Any CPU
		{8DC1788D-96F3-4A51-91F9-9D2CBFBE52B7}.Release|Any CPU.Build.0 = Release|Any CPU
		{B05A909D-A90B-45C6-A32C-44018BE011E1}.Debug|Any CPU.ActiveCfg = Debug|Any CPU
		{B05A909D-A90B-45C6-A32C-44018BE011E1}.Debug|Any CPU.Build.0 = Debug|Any CPU
		{B05A909D-A90B-45C6-A32C-44018BE011E1}.Release|Any CPU.ActiveCfg = Release|Any CPU
		{B05A909D-A90B-45C6-A32C-44018BE011E1}.Release|Any CPU.Build.0 = Release|Any CPU
	EndGlobalSection
EndGlobal
